// !$*UTF8*$!
{
	archiveVersion = 1;
	classes = {
	};
	objectVersion = 77;
	objects = {

/* Begin PBXContainerItemProxy section */
		95E3E6EE2DB67D99004A12BB /* PBXContainerItemProxy */ = {
			isa = PBXContainerItemProxy;
			containerPortal = 95E3E6CF2DB67D96004A12BB /* Project object */;
			proxyType = 1;
			remoteGlobalIDString = 95E3E6D62DB67D96004A12BB;
			remoteInfo = "Sing-It";
		};
		95E3E6F82DB67D99004A12BB /* PBXContainerItemProxy */ = {
			isa = PBXContainerItemProxy;
			containerPortal = 95E3E6CF2DB67D96004A12BB /* Project object */;
			proxyType = 1;
			remoteGlobalIDString = 95E3E6D62DB67D96004A12BB;
			remoteInfo = "Sing-It";
		};
/* End PBXContainerItemProxy section */

/* Begin PBXFileReference section */
		95E3E6D72DB67D96004A12BB /* Sing-It.app */ = {isa = PBXFileReference; explicitFileType = wrapper.application; includeInIndex = 0; path = "Sing-It.app"; sourceTree = BUILT_PRODUCTS_DIR; };
		95E3E6ED2DB67D99004A12BB /* Sing-ItTests.xctest */ = {isa = PBXFileReference; explicitFileType = wrapper.cfbundle; includeInIndex = 0; path = "Sing-ItTests.xctest"; sourceTree = BUILT_PRODUCTS_DIR; };
		95E3E6F72DB67D99004A12BB /* Sing-ItUITests.xctest */ = {isa = PBXFileReference; explicitFileType = wrapper.cfbundle; includeInIndex = 0; path = "Sing-ItUITests.xctest"; sourceTree = BUILT_PRODUCTS_DIR; };
/* End PBXFileReference section */

/* Begin PBXFileSystemSynchronizedBuildFileExceptionSet section */
		95E3E6FF2DB67D99004A12BB /* Exceptions for "Sing-It" folder in "Sing-It" target */ = {
			isa = PBXFileSystemSynchronizedBuildFileExceptionSet;
			membershipExceptions = (
				Info.plist,
			);
			target = 95E3E6D62DB67D96004A12BB /* Sing-It */;
		};
/* End PBXFileSystemSynchronizedBuildFileExceptionSet section */

/* Begin PBXFileSystemSynchronizedRootGroup section */
		95E3E6D92DB67D96004A12BB /* Sing-It */ = {
			isa = PBXFileSystemSynchronizedRootGroup;
			exceptions = (
				95E3E6FF2DB67D99004A12BB /* Exceptions for "Sing-It" folder in "Sing-It" target */,
			);
			path = "Sing-It";
			sourceTree = "<group>";
		};
		95E3E6F02DB67D99004A12BB /* Sing-ItTests */ = {
			isa = PBXFileSystemSynchronizedRootGroup;
			path = "Sing-ItTests";
			sourceTree = "<group>";
		};
		95E3E6FA2DB67D99004A12BB /* Sing-ItUITests */ = {
			isa = PBXFileSystemSynchronizedRootGroup;
			path = "Sing-ItUITests";
			sourceTree = "<group>";
		};
/* End PBXFileSystemSynchronizedRootGroup section */

/* Begin PBXFrameworksBuildPhase section */
		95E3E6D42DB67D96004A12BB /* Frameworks */ = {
			isa = PBXFrameworksBuildPhase;
			buildActionMask = 2147483647;
			files = (
			);
			runOnlyForDeploymentPostprocessing = 0;
		};
		95E3E6EA2DB67D99004A12BB /* Frameworks */ = {
			isa = PBXFrameworksBuildPhase;
			buildActionMask = 2147483647;
			files = (
			);
			runOnlyForDeploymentPostprocessing = 0;
		};
		95E3E6F42DB67D99004A12BB /* Frameworks */ = {
			isa = PBXFrameworksBuildPhase;
			buildActionMask = 2147483647;
			files = (
			);
			runOnlyForDeploymentPostprocessing = 0;
		};
/* End PBXFrameworksBuildPhase section */

/* Begin PBXGroup section */
		95E3E6CE2DB67D96004A12BB = {
			isa = PBXGroup;
			children = (
				95E3E6D92DB67D96004A12BB /* Sing-It */,
				95E3E6F02DB67D99004A12BB /* Sing-ItTests */,
				95E3E6FA2DB67D99004A12BB /* Sing-ItUITests */,
				95E3E6D82DB67D96004A12BB /* Products */,
			);
			sourceTree = "<group>";
		};
		95E3E6D82DB67D96004A12BB /* Products */ = {
			isa = PBXGroup;
			children = (
				95E3E6D72DB67D96004A12BB /* Sing-It.app */,
				95E3E6ED2DB67D99004A12BB /* Sing-ItTests.xctest */,
				95E3E6F72DB67D99004A12BB /* Sing-ItUITests.xctest */,
			);
			name = Products;
			sourceTree = "<group>";
		};
/* End PBXGroup section */

/* Begin PBXNativeTarget section */
		95E3E6D62DB67D96004A12BB /* Sing-It */ = {
			isa = PBXNativeTarget;
			buildConfigurationList = 95E3E7002DB67D99004A12BB /* Build configuration list for PBXNativeTarget "Sing-It" */;
			buildPhases = (
				95E3E6D32DB67D96004A12BB /* Sources */,
				95E3E6D42DB67D96004A12BB /* Frameworks */,
				95E3E6D52DB67D96004A12BB /* Resources */,
			);
			buildRules = (
			);
			dependencies = (
			);
			fileSystemSynchronizedGroups = (
				95E3E6D92DB67D96004A12BB /* Sing-It */,
			);
			name = "Sing-It";
			packageProductDependencies = (
			);
			productName = "Sing-It";
			productReference = 95E3E6D72DB67D96004A12BB /* Sing-It.app */;
			productType = "com.apple.product-type.application";
		};
		95E3E6EC2DB67D99004A12BB /* Sing-ItTests */ = {
			isa = PBXNativeTarget;
			buildConfigurationList = 95E3E7052DB67D99004A12BB /* Build configuration list for PBXNativeTarget "Sing-ItTests" */;
			buildPhases = (
				95E3E6E92DB67D99004A12BB /* Sources */,
				95E3E6EA2DB67D99004A12BB /* Frameworks */,
				95E3E6EB2DB67D99004A12BB /* Resources */,
			);
			buildRules = (
			);
			dependencies = (
				95E3E6EF2DB67D99004A12BB /* PBXTargetDependency */,
			);
			fileSystemSynchronizedGroups = (
				95E3E6F02DB67D99004A12BB /* Sing-ItTests */,
			);
			name = "Sing-ItTests";
			packageProductDependencies = (
			);
			productName = "Sing-ItTests";
			productReference = 95E3E6ED2DB67D99004A12BB /* Sing-ItTests.xctest */;
			productType = "com.apple.product-type.bundle.unit-test";
		};
		95E3E6F62DB67D99004A12BB /* Sing-ItUITests */ = {
			isa = PBXNativeTarget;
			buildConfigurationList = 95E3E7082DB67D99004A12BB /* Build configuration list for PBXNativeTarget "Sing-ItUITests" */;
			buildPhases = (
				95E3E6F32DB67D99004A12BB /* Sources */,
				95E3E6F42DB67D99004A12BB /* Frameworks */,
				95E3E6F52DB67D99004A12BB /* Resources */,
			);
			buildRules = (
			);
			dependencies = (
				95E3E6F92DB67D99004A12BB /* PBXTargetDependency */,
			);
			fileSystemSynchronizedGroups = (
				95E3E6FA2DB67D99004A12BB /* Sing-ItUITests */,
			);
			name = "Sing-ItUITests";
			packageProductDependencies = (
			);
			productName = "Sing-ItUITests";
			productReference = 95E3E6F72DB67D99004A12BB /* Sing-ItUITests.xctest */;
			productType = "com.apple.product-type.bundle.ui-testing";
		};
/* End PBXNativeTarget section */

/* Begin PBXProject section */
		95E3E6CF2DB67D96004A12BB /* Project object */ = {
			isa = PBXProject;
			attributes = {
				BuildIndependentTargetsInParallel = 1;
				LastSwiftUpdateCheck = 1620;
				LastUpgradeCheck = 1620;
				TargetAttributes = {
					95E3E6D62DB67D96004A12BB = {
						CreatedOnToolsVersion = 16.2;
					};
					95E3E6EC2DB67D99004A12BB = {
						CreatedOnToolsVersion = 16.2;
						TestTargetID = 95E3E6D62DB67D96004A12BB;
					};
					95E3E6F62DB67D99004A12BB = {
						CreatedOnToolsVersion = 16.2;
						TestTargetID = 95E3E6D62DB67D96004A12BB;
					};
				};
			};
			buildConfigurationList = 95E3E6D22DB67D96004A12BB /* Build configuration list for PBXProject "Sing-It" */;
			developmentRegion = en;
			hasScannedForEncodings = 0;
			knownRegions = (
				en,
				Base,
			);
			mainGroup = 95E3E6CE2DB67D96004A12BB;
			minimizedProjectReferenceProxies = 1;
			preferredProjectObjectVersion = 77;
			productRefGroup = 95E3E6D82DB67D96004A12BB /* Products */;
			projectDirPath = "";
			projectRoot = "";
			targets = (
				95E3E6D62DB67D96004A12BB /* Sing-It */,
				95E3E6EC2DB67D99004A12BB /* Sing-ItTests */,
				95E3E6F62DB67D99004A12BB /* Sing-ItUITests */,
			);
		};
/* End PBXProject section */

/* Begin PBXResourcesBuildPhase section */
		95E3E6D52DB67D96004A12BB /* Resources */ = {
			isa = PBXResourcesBuildPhase;
			buildActionMask = 2147483647;
			files = (
			);
			runOnlyForDeploymentPostprocessing = 0;
		};
		95E3E6EB2DB67D99004A12BB /* Resources */ = {
			isa = PBXResourcesBuildPhase;
			buildActionMask = 2147483647;
			files = (
			);
			runOnlyForDeploymentPostprocessing = 0;
		};
		95E3E6F52DB67D99004A12BB /* Resources */ = {
			isa = PBXResourcesBuildPhase;
			buildActionMask = 2147483647;
			files = (
			);
			runOnlyForDeploymentPostprocessing = 0;
		};
/* End PBXResourcesBuildPhase section */

/* Begin PBXSourcesBuildPhase section */
		95E3E6D32DB67D96004A12BB /* Sources */ = {
			isa = PBXSourcesBuildPhase;
			buildActionMask = 2147483647;
			files = (
			);
			runOnlyForDeploymentPostprocessing = 0;
		};
		95E3E6E92DB67D99004A12BB /* Sources */ = {
			isa = PBXSourcesBuildPhase;
			buildActionMask = 2147483647;
			files = (
			);
			runOnlyForDeploymentPostprocessing = 0;
		};
		95E3E6F32DB67D99004A12BB /* Sources */ = {
			isa = PBXSourcesBuildPhase;
			buildActionMask = 2147483647;
			files = (
			);
			runOnlyForDeploymentPostprocessing = 0;
		};
/* End PBXSourcesBuildPhase section */

/* Begin PBXTargetDependency section */
		95E3E6EF2DB67D99004A12BB /* PBXTargetDependency */ = {
			isa = PBXTargetDependency;
			target = 95E3E6D62DB67D96004A12BB /* Sing-It */;
			targetProxy = 95E3E6EE2DB67D99004A12BB /* PBXContainerItemProxy */;
		};
		95E3E6F92DB67D99004A12BB /* PBXTargetDependency */ = {
			isa = PBXTargetDependency;
			target = 95E3E6D62DB67D96004A12BB /* Sing-It */;
			targetProxy = 95E3E6F82DB67D99004A12BB /* PBXContainerItemProxy */;
		};
/* End PBXTargetDependency section */

/* Begin XCBuildConfiguration section */
		95E3E7012DB67D99004A12BB /* Debug */ = {
			isa = XCBuildConfiguration;
			buildSettings = {
				ASSETCATALOG_COMPILER_APPICON_NAME = AppIcon;
				ASSETCATALOG_COMPILER_GLOBAL_ACCENT_COLOR_NAME = AccentColor;
				CODE_SIGN_STYLE = Automatic;
				CURRENT_PROJECT_VERSION = 1;
				DEVELOPMENT_TEAM = 3236GZFYH7;
				GENERATE_INFOPLIST_FILE = YES;
				INFOPLIST_FILE = "Sing-It/Info.plist";
				INFOPLIST_KEY_UIApplicationSupportsIndirectInputEvents = YES;
				INFOPLIST_KEY_UILaunchStoryboardName = LaunchScreen;
				INFOPLIST_KEY_UIMainStoryboardFile = Main;
				INFOPLIST_KEY_UISupportedInterfaceOrientations_iPad = "UIInterfaceOrientationPortrait UIInterfaceOrientationPortraitUpsideDown UIInterfaceOrientationLandscapeLeft UIInterfaceOrientationLandscapeRight";
				INFOPLIST_KEY_UISupportedInterfaceOrientations_iPhone = "UIInterfaceOrientationPortrait UIInterfaceOrientationLandscapeLeft UIInterfaceOrientationLandscapeRight";
				IPHONEOS_DEPLOYMENT_TARGET = 16.6;
				LD_RUNPATH_SEARCH_PATHS = (
					"$(inherited)",
					"@executable_path/Frameworks",
				);
				MARKETING_VERSION = 1.0;
				PRODUCT_BUNDLE_IDENTIFIER = "Accso.Sing-It";
				PRODUCT_NAME = "$(TARGET_NAME)";
				SWIFT_EMIT_LOC_STRINGS = YES;
				SWIFT_VERSION = 5.0;
				TARGETED_DEVICE_FAMILY = "1,2";
			};
			name = Debug;
		};
		95E3E7022DB67D99004A12BB /* Release */ = {
			isa = XCBuildConfiguration;
			buildSettings = {
				ASSETCATALOG_COMPILER_APPICON_NAME = AppIcon;
				ASSETCATALOG_COMPILER_GLOBAL_ACCENT_COLOR_NAME = AccentColor;
				CODE_SIGN_STYLE = Automatic;
				CURRENT_PROJECT_VERSION = 1;
				DEVELOPMENT_TEAM = 3236GZFYH7;
				GENERATE_INFOPLIST_FILE = YES;
				INFOPLIST_FILE = "Sing-It/Info.plist";
				INFOPLIST_KEY_UIApplicationSupportsIndirectInputEvents = YES;
				INFOPLIST_KEY_UILaunchStoryboardName = LaunchScreen;
				INFOPLIST_KEY_UIMainStoryboardFile = Main;
				INFOPLIST_KEY_UISupportedInterfaceOrientations_iPad = "UIInterfaceOrientationPortrait UIInterfaceOrientationPortraitUpsideDown UIInterfaceOrientationLandscapeLeft UIInterfaceOrientationLandscapeRight";
				INFOPLIST_KEY_UISupportedInterfaceOrientations_iPhone = "UIInterfaceOrientationPortrait UIInterfaceOrientationLandscapeLeft UIInterfaceOrientationLandscapeRight";
				IPHONEOS_DEPLOYMENT_TARGET = 16.6;
				LD_RUNPATH_SEARCH_PATHS = (
					"$(inherited)",
					"@executable_path/Frameworks",
				);
				MARKETING_VERSION = 1.0;
				PRODUCT_BUNDLE_IDENTIFIER = "Accso.Sing-It";
				PRODUCT_NAME = "$(TARGET_NAME)";
				SWIFT_EMIT_LOC_STRINGS = YES;
				SWIFT_VERSION = 5.0;
				TARGETED_DEVICE_FAMILY = "1,2";
			};
			name = Release;
		};
		95E3E7032DB67D99004A12BB /* Debug */ = {
			isa = XCBuildConfiguration;
			buildSettings = {
				ALWAYS_SEARCH_USER_PATHS = NO;
				ASSETCATALOG_COMPILER_GENERATE_SWIFT_ASSET_SYMBOL_EXTENSIONS = YES;
				CLANG_ANALYZER_NONNULL = YES;
				CLANG_ANALYZER_NUMBER_OBJECT_CONVERSION = YES_AGGRESSIVE;
				CLANG_CXX_LANGUAGE_STANDARD = "gnu++20";
				CLANG_ENABLE_MODULES = YES;
				CLANG_ENABLE_OBJC_ARC = YES;
				CLANG_ENABLE_OBJC_WEAK = YES;
				CLANG_WARN_BLOCK_CAPTURE_AUTORELEASING = YES;
				CLANG_WARN_BOOL_CONVERSION = YES;
				CLANG_WARN_COMMA = YES;
				CLANG_WARN_CONSTANT_CONVERSION = YES;
				CLANG_WARN_DEPRECATED_OBJC_IMPLEMENTATIONS = YES;
				CLANG_WARN_DIRECT_OBJC_ISA_USAGE = YES_ERROR;
				CLANG_WARN_DOCUMENTATION_COMMENTS = YES;
				CLANG_WARN_EMPTY_BODY = YES;
				CLANG_WARN_ENUM_CONVERSION = YES;
				CLANG_WARN_INFINITE_RECURSION = YES;
				CLANG_WARN_INT_CONVERSION = YES;
				CLANG_WARN_NON_LITERAL_NULL_CONVERSION = YES;
				CLANG_WARN_OBJC_IMPLICIT_RETAIN_SELF = YES;
				CLANG_WARN_OBJC_LITERAL_CONVERSION = YES;
				CLANG_WARN_OBJC_ROOT_CLASS = YES_ERROR;
				CLANG_WARN_QUOTED_INCLUDE_IN_FRAMEWORK_HEADER = YES;
				CLANG_WARN_RANGE_LOOP_ANALYSIS = YES;
				CLANG_WARN_STRICT_PROTOTYPES = YES;
				CLANG_WARN_SUSPICIOUS_MOVE = YES;
				CLANG_WARN_UNGUARDED_AVAILABILITY = YES_AGGRESSIVE;
				CLANG_WARN_UNREACHABLE_CODE = YES;
				CLANG_WARN__DUPLICATE_METHOD_MATCH = YES;
				COPY_PHASE_STRIP = NO;
				DEBUG_INFORMATION_FORMAT = dwarf;
				ENABLE_STRICT_OBJC_MSGSEND = YES;
				ENABLE_TESTABILITY = YES;
				ENABLE_USER_SCRIPT_SANDBOXING = YES;
				GCC_C_LANGUAGE_STANDARD = gnu17;
				GCC_DYNAMIC_NO_PIC = NO;
				GCC_NO_COMMON_BLOCKS = YES;
				GCC_OPTIMIZATION_LEVEL = 0;
				GCC_PREPROCESSOR_DEFINITIONS = (
					"DEBUG=1",
					"$(inherited)",
				);
				GCC_WARN_64_TO_32_BIT_CONVERSION = YES;
				GCC_WARN_ABOUT_RETURN_TYPE = YES_ERROR;
				GCC_WARN_UNDECLARED_SELECTOR = YES;
				GCC_WARN_UNINITIALIZED_AUTOS = YES_AGGRESSIVE;
				GCC_WARN_UNUSED_FUNCTION = YES;
				GCC_WARN_UNUSED_VARIABLE = YES;
				IPHONEOS_DEPLOYMENT_TARGET = 18.2;
				LOCALIZATION_PREFERS_STRING_CATALOGS = YES;
				MTL_ENABLE_DEBUG_INFO = INCLUDE_SOURCE;
				MTL_FAST_MATH = YES;
				ONLY_ACTIVE_ARCH = YES;
				SDKROOT = iphoneos;
				SWIFT_ACTIVE_COMPILATION_CONDITIONS = "DEBUG $(inherited)";
				SWIFT_OPTIMIZATION_LEVEL = "-Onone";
			};
			name = Debug;
		};
		95E3E7042DB67D99004A12BB /* Release */ = {
			isa = XCBuildConfiguration;
			buildSettings = {
				ALWAYS_SEARCH_USER_PATHS = NO;
				ASSETCATALOG_COMPILER_GENERATE_SWIFT_ASSET_SYMBOL_EXTENSIONS = YES;
				CLANG_ANALYZER_NONNULL = YES;
				CLANG_ANALYZER_NUMBER_OBJECT_CONVERSION = YES_AGGRESSIVE;
				CLANG_CXX_LANGUAGE_STANDARD = "gnu++20";
				CLANG_ENABLE_MODULES = YES;
				CLANG_ENABLE_OBJC_ARC = YES;
				CLANG_ENABLE_OBJC_WEAK = YES;
				CLANG_WARN_BLOCK_CAPTURE_AUTORELEASING = YES;
				CLANG_WARN_BOOL_CONVERSION = YES;
				CLANG_WARN_COMMA = YES;
				CLANG_WARN_CONSTANT_CONVERSION = YES;
				CLANG_WARN_DEPRECATED_OBJC_IMPLEMENTATIONS = YES;
				CLANG_WARN_DIRECT_OBJC_ISA_USAGE = YES_ERROR;
				CLANG_WARN_DOCUMENTATION_COMMENTS = YES;
				CLANG_WARN_EMPTY_BODY = YES;
				CLANG_WARN_ENUM_CONVERSION = YES;
				CLANG_WARN_INFINITE_RECURSION = YES;
				CLANG_WARN_INT_CONVERSION = YES;
				CLANG_WARN_NON_LITERAL_NULL_CONVERSION = YES;
				CLANG_WARN_OBJC_IMPLICIT_RETAIN_SELF = YES;
				CLANG_WARN_OBJC_LITERAL_CONVERSION = YES;
				CLANG_WARN_OBJC_ROOT_CLASS = YES_ERROR;
				CLANG_WARN_QUOTED_INCLUDE_IN_FRAMEWORK_HEADER = YES;
				CLANG_WARN_RANGE_LOOP_ANALYSIS = YES;
				CLANG_WARN_STRICT_PROTOTYPES = YES;
				CLANG_WARN_SUSPICIOUS_MOVE = YES;
				CLANG_WARN_UNGUARDED_AVAILABILITY = YES_AGGRESSIVE;
				CLANG_WARN_UNREACHABLE_CODE = YES;
				CLANG_WARN__DUPLICATE_METHOD_MATCH = YES;
				COPY_PHASE_STRIP = NO;
				DEBUG_INFORMATION_FORMAT = "dwarf-with-dsym";
				ENABLE_NS_ASSERTIONS = NO;
				ENABLE_STRICT_OBJC_MSGSEND = YES;
				ENABLE_USER_SCRIPT_SANDBOXING = YES;
				GCC_C_LANGUAGE_STANDARD = gnu17;
				GCC_NO_COMMON_BLOCKS = YES;
				GCC_WARN_64_TO_32_BIT_CONVERSION = YES;
				GCC_WARN_ABOUT_RETURN_TYPE = YES_ERROR;
				GCC_WARN_UNDECLARED_SELECTOR = YES;
				GCC_WARN_UNINITIALIZED_AUTOS = YES_AGGRESSIVE;
				GCC_WARN_UNUSED_FUNCTION = YES;
				GCC_WARN_UNUSED_VARIABLE = YES;
				IPHONEOS_DEPLOYMENT_TARGET = 18.2;
				LOCALIZATION_PREFERS_STRING_CATALOGS = YES;
				MTL_ENABLE_DEBUG_INFO = NO;
				MTL_FAST_MATH = YES;
				SDKROOT = iphoneos;
				SWIFT_COMPILATION_MODE = wholemodule;
				VALIDATE_PRODUCT = YES;
			};
			name = Release;
		};
		95E3E7062DB67D99004A12BB /* Debug */ = {
			isa = XCBuildConfiguration;
			buildSettings = {
				BUNDLE_LOADER = "$(TEST_HOST)";
				CODE_SIGN_STYLE = Automatic;
				CURRENT_PROJECT_VERSION = 1;
				DEVELOPMENT_TEAM = 3236GZFYH7;
				GENERATE_INFOPLIST_FILE = YES;
				IPHONEOS_DEPLOYMENT_TARGET = 18.2;
				MARKETING_VERSION = 1.0;
				PRODUCT_BUNDLE_IDENTIFIER = "Accso.Sing-ItTests";
				PRODUCT_NAME = "$(TARGET_NAME)";
				SWIFT_EMIT_LOC_STRINGS = NO;
				SWIFT_VERSION = 5.0;
				TARGETED_DEVICE_FAMILY = "1,2";
				TEST_HOST = "$(BUILT_PRODUCTS_DIR)/Sing-It.app/$(BUNDLE_EXECUTABLE_FOLDER_PATH)/Sing-It";
			};
			name = Debug;
		};
		95E3E7072DB67D99004A12BB /* Release */ = {
			isa = XCBuildConfiguration;
			buildSettings = {
				BUNDLE_LOADER = "$(TEST_HOST)";
				CODE_SIGN_STYLE = Automatic;
				CURRENT_PROJECT_VERSION = 1;
				DEVELOPMENT_TEAM = 3236GZFYH7;
				GENERATE_INFOPLIST_FILE = YES;
				IPHONEOS_DEPLOYMENT_TARGET = 18.2;
				MARKETING_VERSION = 1.0;
				PRODUCT_BUNDLE_IDENTIFIER = "Accso.Sing-ItTests";
				PRODUCT_NAME = "$(TARGET_NAME)";
				SWIFT_EMIT_LOC_STRINGS = NO;
				SWIFT_VERSION = 5.0;
				TARGETED_DEVICE_FAMILY = "1,2";
				TEST_HOST = "$(BUILT_PRODUCTS_DIR)/Sing-It.app/$(BUNDLE_EXECUTABLE_FOLDER_PATH)/Sing-It";
			};
			name = Release;
		};
		95E3E7092DB67D99004A12BB /* Debug */ = {
			isa = XCBuildConfiguration;
			buildSettings = {
				CODE_SIGN_STYLE = Automatic;
				CURRENT_PROJECT_VERSION = 1;
				DEVELOPMENT_TEAM = 3236GZFYH7;
				GENERATE_INFOPLIST_FILE = YES;
				MARKETING_VERSION = 1.0;
				PRODUCT_BUNDLE_IDENTIFIER = "Accso.Sing-ItUITests";
				PRODUCT_NAME = "$(TARGET_NAME)";
				SWIFT_EMIT_LOC_STRINGS = NO;
				SWIFT_VERSION = 5.0;
				TARGETED_DEVICE_FAMILY = "1,2";
				TEST_TARGET_NAME = "Sing-It";
			};
			name = Debug;
		};
		95E3E70A2DB67D99004A12BB /* Release */ = {
			isa = XCBuildConfiguration;
			buildSettings = {
				CODE_SIGN_STYLE = Automatic;
				CURRENT_PROJECT_VERSION = 1;
				DEVELOPMENT_TEAM = 3236GZFYH7;
				GENERATE_INFOPLIST_FILE = YES;
				MARKETING_VERSION = 1.0;
				PRODUCT_BUNDLE_IDENTIFIER = "Accso.Sing-ItUITests";
				PRODUCT_NAME = "$(TARGET_NAME)";
				SWIFT_EMIT_LOC_STRINGS = NO;
				SWIFT_VERSION = 5.0;
				TARGETED_DEVICE_FAMILY = "1,2";
				TEST_TARGET_NAME = "Sing-It";
			};
			name = Release;
		};
/* End XCBuildConfiguration section */

/* Begin XCConfigurationList section */
		95E3E6D22DB67D96004A12BB /* Build configuration list for PBXProject "Sing-It" */ = {
			isa = XCConfigurationList;
			buildConfigurations = (
				95E3E7032DB67D99004A12BB /* Debug */,
				95E3E7042DB67D99004A12BB /* Release */,
			);
			defaultConfigurationIsVisible = 0;
			defaultConfigurationName = Release;
		};
		95E3E7002DB67D99004A12BB /* Build configuration list for PBXNativeTarget "Sing-It" */ = {
			isa = XCConfigurationList;
			buildConfigurations = (
				95E3E7012DB67D99004A12BB /* Debug */,
				95E3E7022DB67D99004A12BB /* Release */,
			);
			defaultConfigurationIsVisible = 0;
			defaultConfigurationName = Release;
		};
		95E3E7052DB67D99004A12BB /* Build configuration list for PBXNativeTarget "Sing-ItTests" */ = {
			isa = XCConfigurationList;
			buildConfigurations = (
				95E3E7062DB67D99004A12BB /* Debug */,
				95E3E7072DB67D99004A12BB /* Release */,
			);
			defaultConfigurationIsVisible = 0;
			defaultConfigurationName = Release;
		};
		95E3E7082DB67D99004A12BB /* Build configuration list for PBXNativeTarget "Sing-ItUITests" */ = {
			isa = XCConfigurationList;
			buildConfigurations = (
				95E3E7092DB67D99004A12BB /* Debug */,
				95E3E70A2DB67D99004A12BB /* Release */,
			);
			defaultConfigurationIsVisible = 0;
			defaultConfigurationName = Release;
		};
/* End XCConfigurationList section */
	};
	rootObject = 95E3E6CF2DB67D96004A12BB /* Project object */;
}
